
Microsoft Visual Studio Solution File, Format Version 12.00
Project("{FAE04EC0-301F-11D3-BF4B-00C04F79EFBC}") = "MaxRunSoftware.Utilities.Common", "src\MaxRunSoftware.Utilities.Common\MaxRunSoftware.Utilities.Common.csproj", "{D2F4C033-3B7E-4B55-87A1-5D76297DC512}"
EndProject
Project("{FAE04EC0-301F-11D3-BF4B-00C04F79EFBC}") = "MaxRunSoftware.Utilities.Common.Tests", "tests\MaxRunSoftware.Utilities.Common.Tests\MaxRunSoftware.Utilities.Common.Tests.csproj", "{DC93EE06-DD45-4155-B5DB-6EB5B79ED00F}"
EndProject
Project("{FAE04EC0-301F-11D3-BF4B-00C04F79EFBC}") = "MaxRunSoftware.Utilities.Ftp", "src\MaxRunSoftware.Utilities.Ftp\MaxRunSoftware.Utilities.Ftp.csproj", "{4934D9D7-D304-4A3F-82EB-A66D40B2FACA}"
EndProject
Project("{FAE04EC0-301F-11D3-BF4B-00C04F79EFBC}") = "MaxRunSoftware.Utilities.Ftp.Tests", "tests\MaxRunSoftware.Utilities.Ftp.Tests\MaxRunSoftware.Utilities.Ftp.Tests.csproj", "{BEFA5985-0C60-43A6-AFF7-8D08499ED7B2}"
EndProject
Project("{FAE04EC0-301F-11D3-BF4B-00C04F79EFBC}") = "MaxRunSoftware.Utilities.Data", "src\MaxRunSoftware.Utilities.Data\MaxRunSoftware.Utilities.Data.csproj", "{A8A82FC3-1225-4B58-834A-7001E46EDE9A}"
EndProject
Project("{FAE04EC0-301F-11D3-BF4B-00C04F79EFBC}") = "MaxRunSoftware.Utilities.Data.Tests", "tests\MaxRunSoftware.Utilities.Data.Tests\MaxRunSoftware.Utilities.Data.Tests.csproj", "{F3AB84E9-F09A-44E4-91BC-627E283BC4CC}"
EndProject
Project("{FAE04EC0-301F-11D3-BF4B-00C04F79EFBC}") = "MaxRunSoftware.Utilities.Windows", "src\MaxRunSoftware.Utilities.Windows\MaxRunSoftware.Utilities.Windows.csproj", "{8ED9687B-BE9F-4969-B0BC-D45E45A408F3}"
EndProject
Project("{FAE04EC0-301F-11D3-BF4B-00C04F79EFBC}") = "MaxRunSoftware.Utilities.Windows.Tests", "tests\MaxRunSoftware.Utilities.Windows.Tests\MaxRunSoftware.Utilities.Windows.Tests.csproj", "{D7472203-8C3C-4D16-92FB-9E13B8B5AB5E}"
EndProject
Project("{FAE04EC0-301F-11D3-BF4B-00C04F79EFBC}") = "MaxRunSoftware.Utilities.Web", "src\MaxRunSoftware.Utilities.Web\MaxRunSoftware.Utilities.Web.csproj", "{E607641E-A350-45A4-8978-2E76711106EF}"
EndProject
Project("{FAE04EC0-301F-11D3-BF4B-00C04F79EFBC}") = "MaxRunSoftware.Utilities.Web.Tests", "tests\MaxRunSoftware.Utilities.Web.Tests\MaxRunSoftware.Utilities.Web.Tests.csproj", "{0CEAF0C2-ADC8-4A12-A331-C1F1D007A0DB}"
EndProject
Global
	GlobalSection(SolutionConfigurationPlatforms) = preSolution
		Debug|Any CPU = Debug|Any CPU
		Release|Any CPU = Release|Any CPU
	EndGlobalSection
	GlobalSection(ProjectConfigurationPlatforms) = postSolution
		{D2F4C033-3B7E-4B55-87A1-5D76297DC512}.Debug|Any CPU.ActiveCfg = Debug|Any CPU
		{D2F4C033-3B7E-4B55-87A1-5D76297DC512}.Debug|Any CPU.Build.0 = Debug|Any CPU
		{D2F4C033-3B7E-4B55-87A1-5D76297DC512}.Release|Any CPU.ActiveCfg = Release|Any CPU
		{D2F4C033-3B7E-4B55-87A1-5D76297DC512}.Release|Any CPU.Build.0 = Release|Any CPU
		{DC93EE06-DD45-4155-B5DB-6EB5B79ED00F}.Debug|Any CPU.ActiveCfg = Debug|Any CPU
		{DC93EE06-DD45-4155-B5DB-6EB5B79ED00F}.Debug|Any CPU.Build.0 = Debug|Any CPU
		{DC93EE06-DD45-4155-B5DB-6EB5B79ED00F}.Release|Any CPU.ActiveCfg = Release|Any CPU
		{DC93EE06-DD45-4155-B5DB-6EB5B79ED00F}.Release|Any CPU.Build.0 = Release|Any CPU
		{4934D9D7-D304-4A3F-82EB-A66D40B2FACA}.Debug|Any CPU.ActiveCfg = Debug|Any CPU
		{4934D9D7-D304-4A3F-82EB-A66D40B2FACA}.Debug|Any CPU.Build.0 = Debug|Any CPU
		{4934D9D7-D304-4A3F-82EB-A66D40B2FACA}.Release|Any CPU.ActiveCfg = Release|Any CPU
		{4934D9D7-D304-4A3F-82EB-A66D40B2FACA}.Release|Any CPU.Build.0 = Release|Any CPU
		{BEFA5985-0C60-43A6-AFF7-8D08499ED7B2}.Debug|Any CPU.ActiveCfg = Debug|Any CPU
		{BEFA5985-0C60-43A6-AFF7-8D08499ED7B2}.Debug|Any CPU.Build.0 = Debug|Any CPU
		{BEFA5985-0C60-43A6-AFF7-8D08499ED7B2}.Release|Any CPU.ActiveCfg = Release|Any CPU
		{BEFA5985-0C60-43A6-AFF7-8D08499ED7B2}.Release|Any CPU.Build.0 = Release|Any CPU
		{A8A82FC3-1225-4B58-834A-7001E46EDE9A}.Debug|Any CPU.ActiveCfg = Debug|Any CPU
		{A8A82FC3-1225-4B58-834A-7001E46EDE9A}.Debug|Any CPU.Build.0 = Debug|Any CPU
		{A8A82FC3-1225-4B58-834A-7001E46EDE9A}.Release|Any CPU.ActiveCfg = Release|Any CPU
		{A8A82FC3-1225-4B58-834A-7001E46EDE9A}.Release|Any CPU.Build.0 = Release|Any CPU
		{F3AB84E9-F09A-44E4-91BC-627E283BC4CC}.Debug|Any CPU.ActiveCfg = Debug|Any CPU
		{F3AB84E9-F09A-44E4-91BC-627E283BC4CC}.Debug|Any CPU.Build.0 = Debug|Any CPU
		{F3AB84E9-F09A-44E4-91BC-627E283BC4CC}.Release|Any CPU.ActiveCfg = Release|Any CPU
		{F3AB84E9-F09A-44E4-91BC-627E283BC4CC}.Release|Any CPU.Build.0 = Release|Any CPU
		{8ED9687B-BE9F-4969-B0BC-D45E45A408F3}.Debug|Any CPU.ActiveCfg = Debug|Any CPU
		{8ED9687B-BE9F-4969-B0BC-D45E45A408F3}.Debug|Any CPU.Build.0 = Debug|Any CPU
		{8ED9687B-BE9F-4969-B0BC-D45E45A408F3}.Release|Any CPU.ActiveCfg = Release|Any CPU
		{8ED9687B-BE9F-4969-B0BC-D45E45A408F3}.Release|Any CPU.Build.0 = Release|Any CPU
		{D7472203-8C3C-4D16-92FB-9E13B8B5AB5E}.Debug|Any CPU.ActiveCfg = Debug|Any CPU
		{D7472203-8C3C-4D16-92FB-9E13B8B5AB5E}.Debug|Any CPU.Build.0 = Debug|Any CPU
		{D7472203-8C3C-4D16-92FB-9E13B8B5AB5E}.Release|Any CPU.ActiveCfg = Release|Any CPU
		{D7472203-8C3C-4D16-92FB-9E13B8B5AB5E}.Release|Any CPU.Build.0 = Release|Any CPU
		{E607641E-A350-45A4-8978-2E76711106EF}.Debug|Any CPU.ActiveCfg = Debug|Any CPU
		{E607641E-A350-45A4-8978-2E76711106EF}.Debug|Any CPU.Build.0 = Debug|Any CPU
		{E607641E-A350-45A4-8978-2E76711106EF}.Release|Any CPU.ActiveCfg = Release|Any CPU
		{E607641E-A350-45A4-8978-2E76711106EF}.Release|Any CPU.Build.0 = Release|Any CPU
		{0CEAF0C2-ADC8-4A12-A331-C1F1D007A0DB}.Debug|Any CPU.ActiveCfg = Debug|Any CPU
		{0CEAF0C2-ADC8-4A12-A331-C1F1D007A0DB}.Debug|Any CPU.Build.0 = Debug|Any CPU
		{0CEAF0C2-ADC8-4A12-A331-C1F1D007A0DB}.Release|Any CPU.ActiveCfg = Release|Any CPU
		{0CEAF0C2-ADC8-4A12-A331-C1F1D007A0DB}.Release|Any CPU.Build.0 = Release|Any CPU
	EndGlobalSection
EndGlobal
