Microsoft Visual Studio Solution File, Format Version 12.00
Project("{FAE04EC0-301F-11D3-BF4B-00C04F79EFBC}") = "MaxRunSoftware.Utilities.Common", "src\MaxRunSoftware.Utilities.Common\MaxRunSoftware.Utilities.Common.csproj", "{D2F4C033-3B7E-4B55-87A1-5D76297DC512}"
EndProject
Project("{FAE04EC0-301F-11D3-BF4B-00C04F79EFBC}") = "MaxRunSoftware.Utilities.Common.Tests", "tests\MaxRunSoftware.Utilities.Common.Tests\MaxRunSoftware.Utilities.Common.Tests.csproj", "{DC93EE06-DD45-4155-B5DB-6EB5B79ED00F}"
EndProject
Project("{2150E333-8FDC-42A3-9474-1A3956D46DE8}") = "Common", "Common", "{25854C5F-E393-4378-8AC3-47E670A2C18C}"
EndProject
Project("{FAE04EC0-301F-11D3-BF4B-00C04F79EFBC}") = "MaxRunSoftware.Utilities.Data", "src\MaxRunSoftware.Utilities.Data\MaxRunSoftware.Utilities.Data.csproj", "{A8A82FC3-1225-4B58-834A-7001E46EDE9A}"
EndProject
Project("{FAE04EC0-301F-11D3-BF4B-00C04F79EFBC}") = "MaxRunSoftware.Utilities.Data.Tests", "tests\MaxRunSoftware.Utilities.Data.Tests\MaxRunSoftware.Utilities.Data.Tests.csproj", "{F3AB84E9-F09A-44E4-91BC-627E283BC4CC}"
EndProject
Project("{2150E333-8FDC-42A3-9474-1A3956D46DE8}") = "Data", "Data", "{AB6FA2BD-A807-480C-87E2-E190E9EC319C}"
EndProject
Project("{FAE04EC0-301F-11D3-BF4B-00C04F79EFBC}") = "MaxRunSoftware.Utilities.Ftp", "src\MaxRunSoftware.Utilities.Ftp\MaxRunSoftware.Utilities.Ftp.csproj", "{4934D9D7-D304-4A3F-82EB-A66D40B2FACA}"
EndProject
Project("{FAE04EC0-301F-11D3-BF4B-00C04F79EFBC}") = "MaxRunSoftware.Utilities.Ftp.Tests", "tests\MaxRunSoftware.Utilities.Ftp.Tests\MaxRunSoftware.Utilities.Ftp.Tests.csproj", "{BEFA5985-0C60-43A6-AFF7-8D08499ED7B2}"
EndProject
Project("{2150E333-8FDC-42A3-9474-1A3956D46DE8}") = "Ftp", "Ftp", "{5F6AAE4F-B783-44E5-AF4C-31852AE7567F}"
EndProject
Project("{FAE04EC0-301F-11D3-BF4B-00C04F79EFBC}") = "MaxRunSoftware.Utilities.Microsoft", "src\MaxRunSoftware.Utilities.Microsoft\MaxRunSoftware.Utilities.Microsoft.csproj", "{EB2D89B9-A23B-4EC6-B4EC-10406A94D05D}"
EndProject
Project("{FAE04EC0-301F-11D3-BF4B-00C04F79EFBC}") = "MaxRunSoftware.Utilities.Microsoft.Tests", "tests\MaxRunSoftware.Utilities.Microsoft.Tests\MaxRunSoftware.Utilities.Microsoft.Tests.csproj", "{006A2B3C-85F8-4CF1-9762-D5F2C400A6BE}"
EndProject
Project("{2150E333-8FDC-42A3-9474-1A3956D46DE8}") = "Microsoft", "Microsoft", "{CF8794B6-EDF9-49E0-AF38-0B04ACF7BDAB}"
EndProject
Project("{FAE04EC0-301F-11D3-BF4B-00C04F79EFBC}") = "MaxRunSoftware.Utilities.Scheduler", "src\MaxRunSoftware.Utilities.Scheduler\MaxRunSoftware.Utilities.Scheduler.csproj", "{94CAA890-6BBD-496E-A288-F32904DBEC07}"
EndProject
Project("{FAE04EC0-301F-11D3-BF4B-00C04F79EFBC}") = "MaxRunSoftware.Utilities.Scheduler.Tests", "tests\MaxRunSoftware.Utilities.Scheduler.Tests\MaxRunSoftware.Utilities.Scheduler.Tests.csproj", "{620329D4-451C-4B41-A7B1-2736F8F7C5FC}"
EndProject
Project("{2150E333-8FDC-42A3-9474-1A3956D46DE8}") = "Scheduler", "Scheduler", "{AF64DF24-5A97-416F-B2A6-634A0E6ADF30}"
EndProject
Project("{FAE04EC0-301F-11D3-BF4B-00C04F79EFBC}") = "MaxRunSoftware.Utilities.Testing", "src\MaxRunSoftware.Utilities.Testing\MaxRunSoftware.Utilities.Testing.csproj", "{26260AE9-3743-402B-BB89-94FC9D7A231F}"
EndProject
Project("{FAE04EC0-301F-11D3-BF4B-00C04F79EFBC}") = "MaxRunSoftware.Utilities.Testing.Tests", "tests\MaxRunSoftware.Utilities.Testing.Tests\MaxRunSoftware.Utilities.Testing.Tests.csproj", "{8783D135-5048-47C6-8472-611CEA37BF07}"
EndProject
Project("{2150E333-8FDC-42A3-9474-1A3956D46DE8}") = "Testing", "Testing", "{65EAC1DC-9043-462B-8970-C999780BDFED}"
EndProject
Project("{FAE04EC0-301F-11D3-BF4B-00C04F79EFBC}") = "MaxRunSoftware.Utilities.Web", "src\MaxRunSoftware.Utilities.Web\MaxRunSoftware.Utilities.Web.csproj", "{E607641E-A350-45A4-8978-2E76711106EF}"
EndProject
Project("{FAE04EC0-301F-11D3-BF4B-00C04F79EFBC}") = "MaxRunSoftware.Utilities.Web.Tests", "tests\MaxRunSoftware.Utilities.Web.Tests\MaxRunSoftware.Utilities.Web.Tests.csproj", "{0CEAF0C2-ADC8-4A12-A331-C1F1D007A0DB}"
EndProject
Project("{2150E333-8FDC-42A3-9474-1A3956D46DE8}") = "Web", "Web", "{CC9CB3F2-CCBC-47EE-B323-D8ABD5A40F13}"
EndProject
Project("{FAE04EC0-301F-11D3-BF4B-00C04F79EFBC}") = "MaxRunSoftware.Utilities.Windows", "src\MaxRunSoftware.Utilities.Windows\MaxRunSoftware.Utilities.Windows.csproj", "{8ED9687B-BE9F-4969-B0BC-D45E45A408F3}"
EndProject
Project("{FAE04EC0-301F-11D3-BF4B-00C04F79EFBC}") = "MaxRunSoftware.Utilities.Windows.Tests", "tests\MaxRunSoftware.Utilities.Windows.Tests\MaxRunSoftware.Utilities.Windows.Tests.csproj", "{D7472203-8C3C-4D16-92FB-9E13B8B5AB5E}"
EndProject
Project("{2150E333-8FDC-42A3-9474-1A3956D46DE8}") = "Windows", "Windows", "{0D194C1C-057D-474D-BDB0-351D511D834F}"
EndProject
Global
	GlobalSection(SolutionConfigurationPlatforms) = preSolution
		Debug|Any CPU = Debug|Any CPU
		Release|Any CPU = Release|Any CPU
	EndGlobalSection
	GlobalSection(ProjectConfigurationPlatforms) = postSolution
		{D2F4C033-3B7E-4B55-87A1-5D76297DC512}.Debug|Any CPU.ActiveCfg = Debug|Any CPU
		{D2F4C033-3B7E-4B55-87A1-5D76297DC512}.Debug|Any CPU.Build.0 = Debug|Any CPU
		{D2F4C033-3B7E-4B55-87A1-5D76297DC512}.Release|Any CPU.ActiveCfg = Release|Any CPU
		{D2F4C033-3B7E-4B55-87A1-5D76297DC512}.Release|Any CPU.Build.0 = Release|Any CPU
		{DC93EE06-DD45-4155-B5DB-6EB5B79ED00F}.Debug|Any CPU.ActiveCfg = Debug|Any CPU
		{DC93EE06-DD45-4155-B5DB-6EB5B79ED00F}.Debug|Any CPU.Build.0 = Debug|Any CPU
		{DC93EE06-DD45-4155-B5DB-6EB5B79ED00F}.Release|Any CPU.ActiveCfg = Release|Any CPU
		{DC93EE06-DD45-4155-B5DB-6EB5B79ED00F}.Release|Any CPU.Build.0 = Release|Any CPU
		{A8A82FC3-1225-4B58-834A-7001E46EDE9A}.Debug|Any CPU.ActiveCfg = Debug|Any CPU
		{A8A82FC3-1225-4B58-834A-7001E46EDE9A}.Debug|Any CPU.Build.0 = Debug|Any CPU
		{A8A82FC3-1225-4B58-834A-7001E46EDE9A}.Release|Any CPU.ActiveCfg = Release|Any CPU
		{A8A82FC3-1225-4B58-834A-7001E46EDE9A}.Release|Any CPU.Build.0 = Release|Any CPU
		{F3AB84E9-F09A-44E4-91BC-627E283BC4CC}.Debug|Any CPU.ActiveCfg = Debug|Any CPU
		{F3AB84E9-F09A-44E4-91BC-627E283BC4CC}.Debug|Any CPU.Build.0 = Debug|Any CPU
		{F3AB84E9-F09A-44E4-91BC-627E283BC4CC}.Release|Any CPU.ActiveCfg = Release|Any CPU
		{F3AB84E9-F09A-44E4-91BC-627E283BC4CC}.Release|Any CPU.Build.0 = Release|Any CPU
		{4934D9D7-D304-4A3F-82EB-A66D40B2FACA}.Debug|Any CPU.ActiveCfg = Debug|Any CPU
		{4934D9D7-D304-4A3F-82EB-A66D40B2FACA}.Debug|Any CPU.Build.0 = Debug|Any CPU
		{4934D9D7-D304-4A3F-82EB-A66D40B2FACA}.Release|Any CPU.ActiveCfg = Release|Any CPU
		{4934D9D7-D304-4A3F-82EB-A66D40B2FACA}.Release|Any CPU.Build.0 = Release|Any CPU
		{BEFA5985-0C60-43A6-AFF7-8D08499ED7B2}.Debug|Any CPU.ActiveCfg = Debug|Any CPU
		{BEFA5985-0C60-43A6-AFF7-8D08499ED7B2}.Debug|Any CPU.Build.0 = Debug|Any CPU
		{BEFA5985-0C60-43A6-AFF7-8D08499ED7B2}.Release|Any CPU.ActiveCfg = Release|Any CPU
		{BEFA5985-0C60-43A6-AFF7-8D08499ED7B2}.Release|Any CPU.Build.0 = Release|Any CPU
		{EB2D89B9-A23B-4EC6-B4EC-10406A94D05D}.Debug|Any CPU.ActiveCfg = Debug|Any CPU
		{EB2D89B9-A23B-4EC6-B4EC-10406A94D05D}.Debug|Any CPU.Build.0 = Debug|Any CPU
		{EB2D89B9-A23B-4EC6-B4EC-10406A94D05D}.Release|Any CPU.ActiveCfg = Release|Any CPU
		{EB2D89B9-A23B-4EC6-B4EC-10406A94D05D}.Release|Any CPU.Build.0 = Release|Any CPU
		{006A2B3C-85F8-4CF1-9762-D5F2C400A6BE}.Debug|Any CPU.ActiveCfg = Debug|Any CPU
		{006A2B3C-85F8-4CF1-9762-D5F2C400A6BE}.Debug|Any CPU.Build.0 = Debug|Any CPU
		{006A2B3C-85F8-4CF1-9762-D5F2C400A6BE}.Release|Any CPU.ActiveCfg = Release|Any CPU
		{006A2B3C-85F8-4CF1-9762-D5F2C400A6BE}.Release|Any CPU.Build.0 = Release|Any CPU		
		{94CAA890-6BBD-496E-A288-F32904DBEC07}.Debug|Any CPU.ActiveCfg = Debug|Any CPU
		{94CAA890-6BBD-496E-A288-F32904DBEC07}.Debug|Any CPU.Build.0 = Debug|Any CPU
		{94CAA890-6BBD-496E-A288-F32904DBEC07}.Release|Any CPU.ActiveCfg = Release|Any CPU
		{94CAA890-6BBD-496E-A288-F32904DBEC07}.Release|Any CPU.Build.0 = Release|Any CPU
		{620329D4-451C-4B41-A7B1-2736F8F7C5FC}.Debug|Any CPU.ActiveCfg = Debug|Any CPU
		{620329D4-451C-4B41-A7B1-2736F8F7C5FC}.Debug|Any CPU.Build.0 = Debug|Any CPU
		{620329D4-451C-4B41-A7B1-2736F8F7C5FC}.Release|Any CPU.ActiveCfg = Release|Any CPU
		{620329D4-451C-4B41-A7B1-2736F8F7C5FC}.Release|Any CPU.Build.0 = Release|Any CPU
		{26260AE9-3743-402B-BB89-94FC9D7A231F}.Debug|Any CPU.ActiveCfg = Debug|Any CPU
		{26260AE9-3743-402B-BB89-94FC9D7A231F}.Debug|Any CPU.Build.0 = Debug|Any CPU
		{26260AE9-3743-402B-BB89-94FC9D7A231F}.Release|Any CPU.ActiveCfg = Release|Any CPU
		{26260AE9-3743-402B-BB89-94FC9D7A231F}.Release|Any CPU.Build.0 = Release|Any CPU
		{8783D135-5048-47C6-8472-611CEA37BF07}.Debug|Any CPU.ActiveCfg = Debug|Any CPU
		{8783D135-5048-47C6-8472-611CEA37BF07}.Debug|Any CPU.Build.0 = Debug|Any CPU
		{8783D135-5048-47C6-8472-611CEA37BF07}.Release|Any CPU.ActiveCfg = Release|Any CPU
		{8783D135-5048-47C6-8472-611CEA37BF07}.Release|Any CPU.Build.0 = Release|Any CPU
		{E607641E-A350-45A4-8978-2E76711106EF}.Debug|Any CPU.ActiveCfg = Debug|Any CPU
		{E607641E-A350-45A4-8978-2E76711106EF}.Debug|Any CPU.Build.0 = Debug|Any CPU
		{E607641E-A350-45A4-8978-2E76711106EF}.Release|Any CPU.ActiveCfg = Release|Any CPU
		{E607641E-A350-45A4-8978-2E76711106EF}.Release|Any CPU.Build.0 = Release|Any CPU
		{0CEAF0C2-ADC8-4A12-A331-C1F1D007A0DB}.Debug|Any CPU.ActiveCfg = Debug|Any CPU
		{0CEAF0C2-ADC8-4A12-A331-C1F1D007A0DB}.Debug|Any CPU.Build.0 = Debug|Any CPU
		{0CEAF0C2-ADC8-4A12-A331-C1F1D007A0DB}.Release|Any CPU.ActiveCfg = Release|Any CPU
		{0CEAF0C2-ADC8-4A12-A331-C1F1D007A0DB}.Release|Any CPU.Build.0 = Release|Any CPU
		{8ED9687B-BE9F-4969-B0BC-D45E45A408F3}.Debug|Any CPU.ActiveCfg = Debug|Any CPU
		{8ED9687B-BE9F-4969-B0BC-D45E45A408F3}.Debug|Any CPU.Build.0 = Debug|Any CPU
		{8ED9687B-BE9F-4969-B0BC-D45E45A408F3}.Release|Any CPU.ActiveCfg = Release|Any CPU
		{8ED9687B-BE9F-4969-B0BC-D45E45A408F3}.Release|Any CPU.Build.0 = Release|Any CPU
		{D7472203-8C3C-4D16-92FB-9E13B8B5AB5E}.Debug|Any CPU.ActiveCfg = Debug|Any CPU
		{D7472203-8C3C-4D16-92FB-9E13B8B5AB5E}.Debug|Any CPU.Build.0 = Debug|Any CPU
		{D7472203-8C3C-4D16-92FB-9E13B8B5AB5E}.Release|Any CPU.ActiveCfg = Release|Any CPU
		{D7472203-8C3C-4D16-92FB-9E13B8B5AB5E}.Release|Any CPU.Build.0 = Release|Any CPU
	EndGlobalSection
	GlobalSection(NestedProjects) = preSolution
		{D2F4C033-3B7E-4B55-87A1-5D76297DC512} = {25854C5F-E393-4378-8AC3-47E670A2C18C}
		{DC93EE06-DD45-4155-B5DB-6EB5B79ED00F} = {25854C5F-E393-4378-8AC3-47E670A2C18C}
		{A8A82FC3-1225-4B58-834A-7001E46EDE9A} = {AB6FA2BD-A807-480C-87E2-E190E9EC319C}
		{F3AB84E9-F09A-44E4-91BC-627E283BC4CC} = {AB6FA2BD-A807-480C-87E2-E190E9EC319C}
		{4934D9D7-D304-4A3F-82EB-A66D40B2FACA} = {5F6AAE4F-B783-44E5-AF4C-31852AE7567F}
		{BEFA5985-0C60-43A6-AFF7-8D08499ED7B2} = {5F6AAE4F-B783-44E5-AF4C-31852AE7567F}
		{EB2D89B9-A23B-4EC6-B4EC-10406A94D05D} = {CF8794B6-EDF9-49E0-AF38-0B04ACF7BDAB}
		{006A2B3C-85F8-4CF1-9762-D5F2C400A6BE} = {CF8794B6-EDF9-49E0-AF38-0B04ACF7BDAB}
		{94CAA890-6BBD-496E-A288-F32904DBEC07} = {AF64DF24-5A97-416F-B2A6-634A0E6ADF30}
		{620329D4-451C-4B41-A7B1-2736F8F7C5FC} = {AF64DF24-5A97-416F-B2A6-634A0E6ADF30}
		{26260AE9-3743-402B-BB89-94FC9D7A231F} = {65EAC1DC-9043-462B-8970-C999780BDFED}
		{8783D135-5048-47C6-8472-611CEA37BF07} = {65EAC1DC-9043-462B-8970-C999780BDFED}
		{E607641E-A350-45A4-8978-2E76711106EF} = {CC9CB3F2-CCBC-47EE-B323-D8ABD5A40F13}
		{0CEAF0C2-ADC8-4A12-A331-C1F1D007A0DB} = {CC9CB3F2-CCBC-47EE-B323-D8ABD5A40F13}
		{8ED9687B-BE9F-4969-B0BC-D45E45A408F3} = {0D194C1C-057D-474D-BDB0-351D511D834F}
		{D7472203-8C3C-4D16-92FB-9E13B8B5AB5E} = {0D194C1C-057D-474D-BDB0-351D511D834F}
	EndGlobalSection
EndGlobal
