
Microsoft Visual Studio Solution File, Format Version 12.00
Project("{FAE04EC0-301F-11D3-BF4B-00C04F79EFBC}") = "MaxRunSoftware.Utilities.Common", "MaxRunSoftware.Utilities.Common\MaxRunSoftware.Utilities.Common.csproj", "{D2F4C033-3B7E-4B55-87A1-5D76297DC512}"
EndProject
Project("{FAE04EC0-301F-11D3-BF4B-00C04F79EFBC}") = "MaxRunSoftware.Utilities.Common.Tests", "MaxRunSoftware.Utilities.Common.Tests\MaxRunSoftware.Utilities.Common.Tests.csproj", "{DC93EE06-DD45-4155-B5DB-6EB5B79ED00F}"
EndProject
Project("{FAE04EC0-301F-11D3-BF4B-00C04F79EFBC}") = "MaxRunSoftware.Utilities.Ftp", "MaxRunSoftware.Utilities.Ftp\MaxRunSoftware.Utilities.Ftp.csproj", "{4934D9D7-D304-4A3F-82EB-A66D40B2FACA}"
EndProject
Global
	GlobalSection(SolutionConfigurationPlatforms) = preSolution
		Debug|Any CPU = Debug|Any CPU
		Release|Any CPU = Release|Any CPU
	EndGlobalSection
	GlobalSection(ProjectConfigurationPlatforms) = postSolution
		{D2F4C033-3B7E-4B55-87A1-5D76297DC512}.Debug|Any CPU.ActiveCfg = Debug|Any CPU
		{D2F4C033-3B7E-4B55-87A1-5D76297DC512}.Debug|Any CPU.Build.0 = Debug|Any CPU
		{D2F4C033-3B7E-4B55-87A1-5D76297DC512}.Release|Any CPU.ActiveCfg = Release|Any CPU
		{D2F4C033-3B7E-4B55-87A1-5D76297DC512}.Release|Any CPU.Build.0 = Release|Any CPU
		{DC93EE06-DD45-4155-B5DB-6EB5B79ED00F}.Debug|Any CPU.ActiveCfg = Debug|Any CPU
		{DC93EE06-DD45-4155-B5DB-6EB5B79ED00F}.Debug|Any CPU.Build.0 = Debug|Any CPU
		{DC93EE06-DD45-4155-B5DB-6EB5B79ED00F}.Release|Any CPU.ActiveCfg = Release|Any CPU
		{DC93EE06-DD45-4155-B5DB-6EB5B79ED00F}.Release|Any CPU.Build.0 = Release|Any CPU
		{4934D9D7-D304-4A3F-82EB-A66D40B2FACA}.Debug|Any CPU.ActiveCfg = Debug|Any CPU
		{4934D9D7-D304-4A3F-82EB-A66D40B2FACA}.Debug|Any CPU.Build.0 = Debug|Any CPU
		{4934D9D7-D304-4A3F-82EB-A66D40B2FACA}.Release|Any CPU.ActiveCfg = Release|Any CPU
		{4934D9D7-D304-4A3F-82EB-A66D40B2FACA}.Release|Any CPU.Build.0 = Release|Any CPU
	EndGlobalSection
EndGlobal
